<?xml version="1.0" encoding="utf-8"?>
<Project ToolsVersion="4.0" xmlns="http://schemas.microsoft.com/developer/msbuild/2003">
  <ItemGroup>
    <Filter Include="ソース ファイル">
      <UniqueIdentifier>{4FC737F1-C7A5-4376-A066-2A32D752A2FF}</UniqueIdentifier>
      <Extensions>cpp;c;cc;cxx;c++;cppm;ixx;def;odl;idl;hpj;bat;asm;asmx</Extensions>
    </Filter>
    <Filter Include="ヘッダー ファイル">
      <UniqueIdentifier>{93995380-89BD-4b04-88EB-625FBE52EBFB}</UniqueIdentifier>
      <Extensions>h;hh;hpp;hxx;h++;hm;inl;inc;ipp;xsd</Extensions>
    </Filter>
    <Filter Include="リソース ファイル">
      <UniqueIdentifier>{67DA6AB6-F800-4c08-8B7A-83BB121AAD01}</UniqueIdentifier>
      <Extensions>rc;ico;cur;bmp;dlg;rc2;rct;bin;rgs;gif;jpg;jpeg;jpe;resx;tiff;tif;png;wav;mfcribbon-ms</Extensions>
    </Filter>
    <Filter Include="シェーダー ファイル">
      <UniqueIdentifier>{718c7f4c-fc51-40ad-a221-b9456a7a1a3c}</UniqueIdentifier>
    </Filter>
    <Filter Include="ソース ファイル\Scene">
      <UniqueIdentifier>{a7332e7c-3be4-440c-b8fc-b2eab9e0900d}</UniqueIdentifier>
    </Filter>
    <Filter Include="ヘッダー ファイル\Scene">
      <UniqueIdentifier>{a5eff3c0-041a-40ef-a74b-9a6503c2ca17}</UniqueIdentifier>
    </Filter>
    <Filter Include="ソース ファイル\Scene\scenes">
      <UniqueIdentifier>{f0bd3a7d-246a-4a38-9f83-f99902c58d2b}</UniqueIdentifier>
    </Filter>
    <Filter Include="ヘッダー ファイル\Scene\scenes">
      <UniqueIdentifier>{5999b3e1-3eca-4515-880f-ddb46351517b}</UniqueIdentifier>
    </Filter>
    <Filter Include="ソース ファイル\ect">
      <UniqueIdentifier>{5925b329-81ce-4032-a221-e074ede0721d}</UniqueIdentifier>
    </Filter>
    <Filter Include="ヘッダー ファイル\Game">
      <UniqueIdentifier>{aa33ca78-84e0-421b-b235-67918e9f7643}</UniqueIdentifier>
    </Filter>
    <Filter Include="ヘッダー ファイル\Game\Player">
      <UniqueIdentifier>{af5a601b-346d-430e-96b9-e72fde5dd0b7}</UniqueIdentifier>
    </Filter>
    <Filter Include="ソース ファイル\Game">
      <UniqueIdentifier>{b4a5ef0a-6809-416f-aafb-7d8c8e253243}</UniqueIdentifier>
    </Filter>
    <Filter Include="ヘッダー ファイル\Scene\Manager">
      <UniqueIdentifier>{e00c3507-5dde-40b7-8b63-517ec5ca388c}</UniqueIdentifier>
    </Filter>
    <Filter Include="ソース ファイル\Scene\Manager">
      <UniqueIdentifier>{ec2b4c95-271e-47e2-82e3-979c5a814c1c}</UniqueIdentifier>
    </Filter>
    <Filter Include="ヘッダー ファイル\Game\MapChip">
      <UniqueIdentifier>{9d300bea-ccc7-480a-9355-9fb330c52a1b}</UniqueIdentifier>
    </Filter>
    <Filter Include="ソース ファイル\Game\MapChip">
      <UniqueIdentifier>{c7f99e59-bb31-4124-9c92-737ebbf9cb79}</UniqueIdentifier>
    </Filter>
    <Filter Include="ソース ファイル\Game\LoadJson">
      <UniqueIdentifier>{5f57a51f-19d2-41f4-9869-a606a2d61e40}</UniqueIdentifier>
    </Filter>
    <Filter Include="ヘッダー ファイル\Game\LoadJson">
      <UniqueIdentifier>{26e72f7a-4699-45bc-b488-29545fd18d5a}</UniqueIdentifier>
    </Filter>
    <Filter Include="ソース ファイル\Game\Player">
      <UniqueIdentifier>{47688da9-866b-4e33-bada-3771c4d11861}</UniqueIdentifier>
    </Filter>
    <Filter Include="ソース ファイル\Scene\Fade">
      <UniqueIdentifier>{5fbfe427-2f28-489d-a7b3-9f30904c6815}</UniqueIdentifier>
    </Filter>
    <Filter Include="ヘッダー ファイル\Scene\Fade">
      <UniqueIdentifier>{b969e78e-7747-476b-bb83-daaa129fb965}</UniqueIdentifier>
    </Filter>
    <Filter Include="ソース ファイル\Game\Camera">
      <UniqueIdentifier>{25f08c48-e4ed-4b6c-ad13-75f18d36f117}</UniqueIdentifier>
    </Filter>
    <Filter Include="ヘッダー ファイル\Game\Camera">
      <UniqueIdentifier>{7d96ef63-630e-43df-b91f-eac5ead15ddf}</UniqueIdentifier>
    </Filter>
    <Filter Include="ヘッダー ファイル\ect">
      <UniqueIdentifier>{ec010d50-cdbd-426a-8af4-5d8374f01278}</UniqueIdentifier>
    </Filter>
    <Filter Include="ソース ファイル\Game\Object">
      <UniqueIdentifier>{69b93e7e-0790-4a69-8f1c-359756fd42ea}</UniqueIdentifier>
    </Filter>
    <Filter Include="ヘッダー ファイル\Game\Object">
      <UniqueIdentifier>{42b3fadb-f758-4908-90e4-94f4e5a0afd9}</UniqueIdentifier>
    </Filter>
    <Filter Include="ソース ファイル\Game\Object\Goal">
      <UniqueIdentifier>{f4c6236f-31e9-49ba-9c64-fffbafeeb01a}</UniqueIdentifier>
    </Filter>
    <Filter Include="ヘッダー ファイル\Game\Object\Goal">
      <UniqueIdentifier>{c2615873-0507-47bc-a5fa-6c89f53bc4a5}</UniqueIdentifier>
    </Filter>
    <Filter Include="ソース ファイル\Game\Managar">
      <UniqueIdentifier>{3f6fc996-4d2e-439e-9e08-5dbd7af20c42}</UniqueIdentifier>
    </Filter>
    <Filter Include="ヘッダー ファイル\Game\Manager">
      <UniqueIdentifier>{6368ac98-86da-439a-8261-237b1ca0d784}</UniqueIdentifier>
    </Filter>
    <Filter Include="ヘッダー ファイル\Game\Object\Lever">
      <UniqueIdentifier>{6364d4da-89a4-4eb9-8269-8832a1839c18}</UniqueIdentifier>
    </Filter>
    <Filter Include="ヘッダー ファイル\Game\Object\PushButton">
      <UniqueIdentifier>{156ce316-cdcb-439c-ac66-3c8210f63a12}</UniqueIdentifier>
    </Filter>
    <Filter Include="ソース ファイル\Game\Object\Lever">
      <UniqueIdentifier>{b64214ca-9905-439c-9a61-6557ad470f54}</UniqueIdentifier>
    </Filter>
    <Filter Include="ソース ファイル\Game\Object\PushButton">
      <UniqueIdentifier>{fa42ed47-96c8-4fae-b15e-4d6e4463f7dd}</UniqueIdentifier>
    </Filter>
  </ItemGroup>
  <ItemGroup>
    <ClCompile Include="main.cpp">
      <Filter>ソース ファイル</Filter>
    </ClCompile>
    <ClCompile Include="engine\Scene\Scene.cpp">
      <Filter>ソース ファイル\Scene</Filter>
    </ClCompile>
    <ClCompile Include="engine\Scene\scenes\ResetScene.cpp">
      <Filter>ソース ファイル\Scene\scenes</Filter>
    </ClCompile>
    <ClCompile Include="application\base\GameScene.cpp">
      <Filter>ソース ファイル\Scene\scenes</Filter>
    </ClCompile>
    <ClCompile Include="engine\ect\worldTransfromEX.cpp">
      <Filter>ソース ファイル\ect</Filter>
    </ClCompile>
    <ClCompile Include="engine\ect\MathUtilityEX.cpp">
      <Filter>ソース ファイル\ect</Filter>
    </ClCompile>
    <ClCompile Include="engine\Scene\manager\SceneManager.cpp">
      <Filter>ソース ファイル\Scene\Manager</Filter>
    </ClCompile>
    <ClCompile Include="engine\Game\MapChip\MapChip.cpp">
      <Filter>ソース ファイル\Game\MapChip</Filter>
    </ClCompile>
    <ClCompile Include="engine\Game\LoadJsonFile\FileJson.cpp">
      <Filter>ソース ファイル\Game\LoadJson</Filter>
    </ClCompile>
    <ClCompile Include="engine\ect\InputEX.cpp">
      <Filter>ソース ファイル\ect</Filter>
    </ClCompile>
    <ClCompile Include="engine\Game\Player\Player.cpp">
      <Filter>ソース ファイル\Game\Player</Filter>
    </ClCompile>
    <ClCompile Include="engine\Scene\scenes\TitleScene.cpp">
      <Filter>ソース ファイル\Scene\scenes</Filter>
    </ClCompile>
    <ClCompile Include="engine\Scene\fade\Fade.cpp">
      <Filter>ソース ファイル\Scene\Fade</Filter>
    </ClCompile>
    <ClCompile Include="engine\Scene\scenes\DemoScene.cpp">
      <Filter>ソース ファイル\Scene\scenes</Filter>
    </ClCompile>
    <ClCompile Include="engine\Game\Camera\GameCamera.cpp">
      <Filter>ソース ファイル\Game\Camera</Filter>
    </ClCompile>
    <ClCompile Include="engine\ect\Easings.cpp">
      <Filter>ソース ファイル\ect</Filter>
    </ClCompile>
    <ClCompile Include="engine\Game\Object\Goal\Goal.cpp">
      <Filter>ソース ファイル\Game\Object\Goal</Filter>
    </ClCompile>
    <ClCompile Include="engine\ect\MathUtilityForText.cpp">
      <Filter>ソース ファイル\ect</Filter>
    </ClCompile>
    <ClCompile Include="engine\Scene\scenes\ClearScene.cpp">
      <Filter>ソース ファイル\Scene\scenes</Filter>
    </ClCompile>
    <ClCompile Include="engine\Game\Player\Clone\PlayerClone.cpp">
      <Filter>ソース ファイル\Game\Player</Filter>
    </ClCompile>
    <ClCompile Include="engine\Game\Object\Lever\Lever.cpp">
      <Filter>ソース ファイル\Game\Object\Lever</Filter>
    </ClCompile>
    <ClCompile Include="engine\Game\Object\PushButton\PushButton.cpp">
      <Filter>ソース ファイル\Game\Object\PushButton</Filter>
    </ClCompile>
    <ClCompile Include="engine\Game\Object\ObjectManager.cpp">
      <Filter>ソース ファイル\Game\Object</Filter>
    </ClCompile>
    <ClCompile Include="engine\Game\Player\PlayerManager.cpp">
      <Filter>ソース ファイル\Game\Player</Filter>
    </ClCompile>
  </ItemGroup>
  <ItemGroup>
    <FxCompile Include="Resources\shaders\SpritePS.hlsl">
      <Filter>シェーダー ファイル</Filter>
    </FxCompile>
    <FxCompile Include="Resources\shaders\SpriteVS.hlsl">
      <Filter>シェーダー ファイル</Filter>
    </FxCompile>
    <FxCompile Include="Resources\shaders\ShapeVS.hlsl">
      <Filter>シェーダー ファイル</Filter>
    </FxCompile>
    <FxCompile Include="Resources\shaders\ShapePS.hlsl">
      <Filter>シェーダー ファイル</Filter>
    </FxCompile>
    <FxCompile Include="Resources\shaders\ObjPS.hlsl">
      <Filter>シェーダー ファイル</Filter>
    </FxCompile>
    <FxCompile Include="Resources\shaders\ObjVS.hlsl">
      <Filter>シェーダー ファイル</Filter>
    </FxCompile>
    <FxCompile Include="Resources\shaders\PrimitivePS.hlsl">
      <Filter>シェーダー ファイル</Filter>
    </FxCompile>
    <FxCompile Include="Resources\shaders\PrimitiveVS.hlsl">
      <Filter>シェーダー ファイル</Filter>
    </FxCompile>
    <FxCompile Include="Resources\shaders\TerrainPS.hlsl">
      <Filter>シェーダー ファイル</Filter>
    </FxCompile>
    <FxCompile Include="Resources\shaders\TerrainVS.hlsl">
      <Filter>シェーダー ファイル</Filter>
    </FxCompile>
  </ItemGroup>
  <ItemGroup>
    <None Include="Resources\shaders\Sprite.hlsli">
      <Filter>シェーダー ファイル</Filter>
    </None>
    <None Include="Resources\shaders\Shape.hlsli">
      <Filter>シェーダー ファイル</Filter>
    </None>
    <None Include="Resources\shaders\Obj.hlsli">
      <Filter>シェーダー ファイル</Filter>
    </None>
    <None Include="Resources\shaders\Primitive.hlsli">
      <Filter>シェーダー ファイル</Filter>
    </None>
    <None Include="Resources\shaders\Terrain.hlsli">
      <Filter>シェーダー ファイル</Filter>
    </None>
    <None Include="Resources\Json\Titel.json">
      <Filter>リソース ファイル</Filter>
    </None>
    <None Include="Resources\Json\Stage.json">
      <Filter>リソース ファイル</Filter>
    </None>
    <None Include="Resources\Json\GameCamera.json">
      <Filter>リソース ファイル</Filter>
    </None>
    <None Include="Resources\Json\Player.json">
      <Filter>リソース ファイル</Filter>
    </None>
    <None Include="Resources\Json\GameScene.json">
      <Filter>リソース ファイル</Filter>
    </None>
  </ItemGroup>
  <ItemGroup>
    <ClInclude Include="engine\Scene\Scene.h">
      <Filter>ヘッダー ファイル\Scene</Filter>
    </ClInclude>
    <ClInclude Include="engine\Scene\scenes\ResetScene.h">
      <Filter>ヘッダー ファイル\Scene\scenes</Filter>
    </ClInclude>
    <ClInclude Include="application\base\GameScene.h">
      <Filter>ヘッダー ファイル\Scene\scenes</Filter>
    </ClInclude>
    <ClInclude Include="engine\Game\Player\Player.h">
      <Filter>ヘッダー ファイル\Game\Player</Filter>
    </ClInclude>
    <ClInclude Include="engine\Scene\manager\SceneID.h">
      <Filter>ヘッダー ファイル\Scene\Manager</Filter>
    </ClInclude>
    <ClInclude Include="engine\Scene\manager\SceneManager.h">
      <Filter>ヘッダー ファイル\Scene\Manager</Filter>
    </ClInclude>
    <ClInclude Include="engine\Game\MapChip\MapChip.h">
      <Filter>ヘッダー ファイル\Game\MapChip</Filter>
    </ClInclude>
    <ClInclude Include="engine\Game\MapChip\MapChipID.h">
      <Filter>ヘッダー ファイル\Game\MapChip</Filter>
    </ClInclude>
    <ClInclude Include="engine\Game\LoadJsonFile\FileJson.h">
      <Filter>ヘッダー ファイル\Game\LoadJson</Filter>
    </ClInclude>
    <ClInclude Include="engine\Scene\scenes\TitleScene.h">
      <Filter>ヘッダー ファイル\Scene\scenes</Filter>
    </ClInclude>
    <ClInclude Include="engine\Scene\fade\FadeID.h">
      <Filter>ヘッダー ファイル\Scene\Fade</Filter>
    </ClInclude>
    <ClInclude Include="engine\Scene\fade\Fade.h">
      <Filter>ヘッダー ファイル\Scene\Fade</Filter>
    </ClInclude>
    <ClInclude Include="engine\Scene\scenes\DemoScene.h">
      <Filter>ヘッダー ファイル\Scene\scenes</Filter>
    </ClInclude>
    <ClInclude Include="engine\Game\Camera\GameCamera.h">
      <Filter>ヘッダー ファイル\Game\Camera</Filter>
    </ClInclude>
    <ClInclude Include="engine\ect\Easings.h">
      <Filter>ヘッダー ファイル\ect</Filter>
    </ClInclude>
    <ClInclude Include="engine\ect\IntVector2.h">
      <Filter>ヘッダー ファイル\ect</Filter>
    </ClInclude>
    <ClInclude Include="engine\Game\Object\Goal\Goal.h">
      <Filter>ヘッダー ファイル\Game\Object\Goal</Filter>
    </ClInclude>
    <ClInclude Include="engine\ect\MathUtilityForText.h">
      <Filter>ヘッダー ファイル\ect</Filter>
    </ClInclude>
    <ClInclude Include="engine\Scene\scenes\ClearScene.h">
      <Filter>ヘッダー ファイル\Scene\scenes</Filter>
    </ClInclude>
    <ClInclude Include="engine\Game\Player\Clone\PlayerClone.h">
      <Filter>ヘッダー ファイル\Game\Player</Filter>
    </ClInclude>
    <ClInclude Include="engine\Game\Object\Lever\Lever.h">
      <Filter>ヘッダー ファイル\Game\Object\Lever</Filter>
    </ClInclude>
    <ClInclude Include="engine\Game\Object\PushButton\PushButton.h">
      <Filter>ヘッダー ファイル\Game\Object\PushButton</Filter>
    </ClInclude>
    <ClInclude Include="engine\Game\Object\ObjectManager.h">
      <Filter>ヘッダー ファイル\Game\Object</Filter>
    </ClInclude>
    <ClInclude Include="engine\Game\Player\PlayerManager.h">
      <Filter>ヘッダー ファイル\Game\Player</Filter>
    </ClInclude>
  </ItemGroup>
</Project>